
Microsoft Visual Studio Solution File, Format Version 12.00
# Visual Studio Version 17
VisualStudioVersion = 17.8.34322.80
MinimumVisualStudioVersion = 10.0.40219.1
Project("{FAE04EC0-301F-11D3-BF4B-00C04F79EFBC}") = "Test", "Test\Test.csproj", "{D2A20A54-69C9-48B8-9050-0E096A693BDA}"
EndProject
Global
	GlobalSection(SolutionConfigurationPlatforms) = preSolution
		Debug|Any CPU = Debug|Any CPU
		Release|Any CPU = Release|Any CPU
	EndGlobalSection
	GlobalSection(ProjectConfigurationPlatforms) = postSolution
		{D2A20A54-69C9-48B8-9050-0E096A693BDA}.Debug|Any CPU.ActiveCfg = Debug|Any CPU
		{D2A20A54-69C9-48B8-9050-0E096A693BDA}.Debug|Any CPU.Build.0 = Debug|Any CPU
		{D2A20A54-69C9-48B8-9050-0E096A693BDA}.Release|Any CPU.ActiveCfg = Release|Any CPU
		{D2A20A54-69C9-48B8-9050-0E096A693BDA}.Release|Any CPU.Build.0 = Release|Any CPU
	EndGlobalSection
	GlobalSection(SolutionProperties) = preSolution
		HideSolutionNode = FALSE
	EndGlobalSection
	GlobalSection(ExtensibilityGlobals) = postSolution
		SolutionGuid = {C09066B2-0A60-4589-8D82-0635BF5B0CBA}
	EndGlobalSection
EndGlobal
